schema: '2.0'
stages:
  data_injestion:
    cmd: python src/data/data_injestion.py
    deps:
    - path: src/data/data_injestion.py
      hash: md5
      md5: 8ec8b46a3b8c90af2d46c0e5f6c35597
      size: 2146
    params:
      params.yaml:
        data_injestion.test_size: 0.4
    outs:
    - path: data/raw
      hash: md5
      md5: bcf31e806101a5a7be503860f42fd7e4.dir
      size: 887224
      nfiles: 2
  data_preprocessing:
    cmd: python .\src\data\data_preprocessing.py
    deps:
    - path: .\data\raw\
      hash: md5
      md5: bcf31e806101a5a7be503860f42fd7e4.dir
      size: 887224
      nfiles: 2
    - path: .\src\data\data_preprocessing.py
      hash: md5
      md5: 23f705f13491cf80cdf3f6ace0f88f1a
      size: 2908
    outs:
    - path: .\data\processed
      hash: md5
      md5: 36f80fa230b92e7e0ebdfcff53b362ca.dir
      size: 675133
      nfiles: 2
  feature_engineering:
    cmd: python .\src\features\feature_engineering.py
    deps:
    - path: .\data\processed\
      hash: md5
      md5: 36f80fa230b92e7e0ebdfcff53b362ca.dir
      size: 675133
      nfiles: 2
    - path: .\src\features\feature_engineering.py
      hash: md5
      md5: 8287d0dc396ff87610c940de28c5002e
      size: 1293
    params:
      params.yaml:
        feature_engineering.max_features: 50
    outs:
    - path: .\data\features
      hash: md5
      md5: 2d7bd461921dbd737e0f6a4e732f67a1.dir
      size: 2378450
      nfiles: 2
  model_building:
    cmd: python .\src\models\model_building.py
    deps:
    - path: .\data\features\
      hash: md5
      md5: 2d7bd461921dbd737e0f6a4e732f67a1.dir
      size: 2378450
      nfiles: 2
    - path: .\src\models\model_building.py
      hash: md5
      md5: 0bd024783c93eae815a64eedcf2ad040
      size: 435
    outs:
    - path: model.pkl
      hash: md5
      md5: 799622a55d73249f7e85db7f4d626a49
      size: 70986
  model_evaluation:
    cmd: python .\src\models\model_evaluation.py
    deps:
    - path: .\data\features\
      hash: md5
      md5: 2d7bd461921dbd737e0f6a4e732f67a1.dir
      size: 2378450
      nfiles: 2
    - path: .\model.pkl
      hash: md5
      md5: 799622a55d73249f7e85db7f4d626a49
      size: 70986
    - path: .\src\models\model_evaluation.py
      hash: md5
      md5: ce3e94b373f6b5a1599dd070c2173f12
      size: 863
    outs:
    - path: metrics.json
      hash: md5
      md5: de310086c8180a8154ff0b6305de1658
      size: 146
